
Microsoft Visual Studio Solution File, Format Version 12.00
# Visual Studio Version 17
VisualStudioVersion = 17.13.35825.156 d17.13
MinimumVisualStudioVersion = 10.0.40219.1
Project("{FAE04EC0-301F-11D3-BF4B-00C04F79EFBC}") = "Riode.WebUI", "Riode.WebUI\Riode.WebUI.csproj", "{4A568508-4DB5-477F-9C8C-527FFFFB4337}"
EndProject
Global
	GlobalSection(SolutionConfigurationPlatforms) = preSolution
		Debug|Any CPU = Debug|Any CPU
		Release|Any CPU = Release|Any CPU
	EndGlobalSection
	GlobalSection(ProjectConfigurationPlatforms) = postSolution
		{4A568508-4DB5-477F-9C8C-527FFFFB4337}.Debug|Any CPU.ActiveCfg = Debug|Any CPU
		{4A568508-4DB5-477F-9C8C-527FFFFB4337}.Debug|Any CPU.Build.0 = Debug|Any CPU
		{4A568508-4DB5-477F-9C8C-527FFFFB4337}.Release|Any CPU.ActiveCfg = Release|Any CPU
		{4A568508-4DB5-477F-9C8C-527FFFFB4337}.Release|Any CPU.Build.0 = Release|Any CPU
	EndGlobalSection
	GlobalSection(SolutionProperties) = preSolution
		HideSolutionNode = FALSE
	EndGlobalSection
	GlobalSection(ExtensibilityGlobals) = postSolution
		SolutionGuid = {FEC81A69-2C4C-4401-A717-FC930A7B494D}
	EndGlobalSection
EndGlobal
